
Microsoft Visual Studio Solution File, Format Version 12.00
# Visual Studio 15
VisualStudioVersion = 15.0.28010.2046
MinimumVisualStudioVersion = 10.0.40219.1
Project("{FAE04EC0-301F-11D3-BF4B-00C04F79EFBC}") = "PtgWeb", "PtgWeb\PtgWeb.csproj", "{BD5EB33B-B82D-4FCC-A6B5-B489977F36F1}"
EndProject
Global
	GlobalSection(SolutionConfigurationPlatforms) = preSolution
		Debug|Any CPU = Debug|Any CPU
		Release|Any CPU = Release|Any CPU
	EndGlobalSection
	GlobalSection(ProjectConfigurationPlatforms) = postSolution
		{BD5EB33B-B82D-4FCC-A6B5-B489977F36F1}.Debug|Any CPU.ActiveCfg = Debug|Any CPU
		{BD5EB33B-B82D-4FCC-A6B5-B489977F36F1}.Debug|Any CPU.Build.0 = Debug|Any CPU
		{BD5EB33B-B82D-4FCC-A6B5-B489977F36F1}.Release|Any CPU.ActiveCfg = Release|Any CPU
		{BD5EB33B-B82D-4FCC-A6B5-B489977F36F1}.Release|Any CPU.Build.0 = Release|Any CPU
	EndGlobalSection
	GlobalSection(SolutionProperties) = preSolution
		HideSolutionNode = FALSE
	EndGlobalSection
	GlobalSection(ExtensibilityGlobals) = postSolution
		SolutionGuid = {822F2BD9-2789-42E9-BB28-0B58ED607AD8}
	EndGlobalSection
EndGlobal
